// !$*UTF8*$!
{
	archiveVersion = 1;
	classes = {
	};
	objectVersion = 50;
	objects = {

/* Begin PBXBuildFile section */
		A04078592109E12C008037EB /* Assets.xcassets in Resources */ = {isa = PBXBuildFile; fileRef = A040784F2109E12C008037EB /* Assets.xcassets */; };
		A040785A2109E12C008037EB /* ViewController.m in Sources */ = {isa = PBXBuildFile; fileRef = A04078502109E12C008037EB /* ViewController.m */; };
		A040785B2109E12C008037EB /* LaunchScreen.storyboard in Resources */ = {isa = PBXBuildFile; fileRef = A04078512109E12C008037EB /* LaunchScreen.storyboard */; };
		A040785C2109E12C008037EB /* Main.storyboard in Resources */ = {isa = PBXBuildFile; fileRef = A04078532109E12C008037EB /* Main.storyboard */; };
		A040785D2109E12C008037EB /* main.m in Sources */ = {isa = PBXBuildFile; fileRef = A04078552109E12C008037EB /* main.m */; };
		A040785E2109E12C008037EB /* AppDelegate.m in Sources */ = {isa = PBXBuildFile; fileRef = A04078562109E12C008037EB /* AppDelegate.m */; };
		A04078642109E6F1008037EB /* PrimeCell.m in Sources */ = {isa = PBXBuildFile; fileRef = A04078632109E6F1008037EB /* PrimeCell.m */; };
		A0B844142109F423008D98D8 /* DJIProxyCaches.mm in Sources */ = {isa = PBXBuildFile; fileRef = A040780B2109D3A3008037EB /* DJIProxyCaches.mm */; };
		A0B844152109F423008D98D8 /* DJIError.mm in Sources */ = {isa = PBXBuildFile; fileRef = A040780D2109D3A3008037EB /* DJIError.mm */; };
		A0B844162109F423008D98D8 /* DFDjinniFuckaroundsAbstract+Private.mm in Sources */ = {isa = PBXBuildFile; fileRef = A04077F42109D1BF008037EB /* DFDjinniFuckaroundsAbstract+Private.mm */; };
		A0B844172109F423008D98D8 /* DjinniFuckaroundsCore.cpp in Sources */ = {isa = PBXBuildFile; fileRef = A04078142109D42E008037EB /* DjinniFuckaroundsCore.cpp */; };
/* End PBXBuildFile section */

/* Begin PBXFileReference section */
		A04077D82109C94E008037EB /* Declarations.idl */ = {isa = PBXFileReference; lastKnownFileType = text; path = Declarations.idl; sourceTree = "<group>"; };
		A04077D92109CA67008037EB /* Makefile */ = {isa = PBXFileReference; lastKnownFileType = sourcecode.make; path = Makefile; sourceTree = "<group>"; };
		A04077F42109D1BF008037EB /* DFDjinniFuckaroundsAbstract+Private.mm */ = {isa = PBXFileReference; lastKnownFileType = sourcecode.cpp.objcpp; path = "DFDjinniFuckaroundsAbstract+Private.mm"; sourceTree = "<group>"; };
		A04077F52109D1BF008037EB /* DFDjinniFuckaroundsAbstract.h */ = {isa = PBXFileReference; lastKnownFileType = sourcecode.c.h; path = DFDjinniFuckaroundsAbstract.h; sourceTree = "<group>"; };
		A04077F62109D1BF008037EB /* DFDjinniFuckaroundsAbstract+Private.h */ = {isa = PBXFileReference; lastKnownFileType = sourcecode.c.h; path = "DFDjinniFuckaroundsAbstract+Private.h"; sourceTree = "<group>"; };
		A04077F82109D1C0008037EB /* djinni_fuckarounds_abstract.hpp */ = {isa = PBXFileReference; lastKnownFileType = sourcecode.cpp.h; path = djinni_fuckarounds_abstract.hpp; sourceTree = "<group>"; };
		A04077FA2109D2F9008037EB /* DjinniFuckaroundsCore.hpp */ = {isa = PBXFileReference; lastKnownFileType = sourcecode.cpp.h; path = DjinniFuckaroundsCore.hpp; sourceTree = "<group>"; };
		A04078092109D3A3008037EB /* DJICppWrapperCache+Private.h */ = {isa = PBXFileReference; fileEncoding = 4; lastKnownFileType = sourcecode.c.h; path = "DJICppWrapperCache+Private.h"; sourceTree = "<group>"; };
		A040780A2109D3A3008037EB /* DJIError.h */ = {isa = PBXFileReference; fileEncoding = 4; lastKnownFileType = sourcecode.c.h; path = DJIError.h; sourceTree = "<group>"; };
		A040780B2109D3A3008037EB /* DJIProxyCaches.mm */ = {isa = PBXFileReference; fileEncoding = 4; lastKnownFileType = sourcecode.cpp.objcpp; path = DJIProxyCaches.mm; sourceTree = "<group>"; };
		A040780C2109D3A3008037EB /* DJIObjcWrapperCache+Private.h */ = {isa = PBXFileReference; fileEncoding = 4; lastKnownFileType = sourcecode.c.h; path = "DJIObjcWrapperCache+Private.h"; sourceTree = "<group>"; };
		A040780D2109D3A3008037EB /* DJIError.mm */ = {isa = PBXFileReference; fileEncoding = 4; lastKnownFileType = sourcecode.cpp.objcpp; path = DJIError.mm; sourceTree = "<group>"; };
		A040780E2109D3A3008037EB /* DJIMarshal+Private.h */ = {isa = PBXFileReference; fileEncoding = 4; lastKnownFileType = sourcecode.c.h; path = "DJIMarshal+Private.h"; sourceTree = "<group>"; };
		A04078112109D419008037EB /* proxy_cache_impl.hpp */ = {isa = PBXFileReference; lastKnownFileType = sourcecode.cpp.h; path = proxy_cache_impl.hpp; sourceTree = "<group>"; };
		A04078122109D419008037EB /* djinni_common.hpp */ = {isa = PBXFileReference; lastKnownFileType = sourcecode.cpp.h; path = djinni_common.hpp; sourceTree = "<group>"; };
		A04078132109D419008037EB /* proxy_cache_interface.hpp */ = {isa = PBXFileReference; lastKnownFileType = sourcecode.cpp.h; path = proxy_cache_interface.hpp; sourceTree = "<group>"; };
		A04078142109D42E008037EB /* DjinniFuckaroundsCore.cpp */ = {isa = PBXFileReference; lastKnownFileType = sourcecode.cpp.cpp; path = DjinniFuckaroundsCore.cpp; sourceTree = "<group>"; };
		A04078302109DF95008037EB /* DjinniFuckaroundsApp.app */ = {isa = PBXFileReference; explicitFileType = wrapper.application; includeInIndex = 0; path = DjinniFuckaroundsApp.app; sourceTree = BUILT_PRODUCTS_DIR; };
		A040784E2109E12C008037EB /* AppDelegate.h */ = {isa = PBXFileReference; fileEncoding = 4; lastKnownFileType = sourcecode.c.h; path = AppDelegate.h; sourceTree = "<group>"; };
		A040784F2109E12C008037EB /* Assets.xcassets */ = {isa = PBXFileReference; lastKnownFileType = folder.assetcatalog; path = Assets.xcassets; sourceTree = "<group>"; };
		A04078502109E12C008037EB /* ViewController.m */ = {isa = PBXFileReference; fileEncoding = 4; lastKnownFileType = sourcecode.c.objc; path = ViewController.m; sourceTree = "<group>"; };
		A04078522109E12C008037EB /* Base */ = {isa = PBXFileReference; lastKnownFileType = file.storyboard; name = Base; path = Base.lproj/LaunchScreen.storyboard; sourceTree = "<group>"; };
		A04078542109E12C008037EB /* Base */ = {isa = PBXFileReference; lastKnownFileType = file.storyboard; name = Base; path = Base.lproj/Main.storyboard; sourceTree = "<group>"; };
		A04078552109E12C008037EB /* main.m */ = {isa = PBXFileReference; fileEncoding = 4; lastKnownFileType = sourcecode.c.objc; path = main.m; sourceTree = "<group>"; };
		A04078562109E12C008037EB /* AppDelegate.m */ = {isa = PBXFileReference; fileEncoding = 4; lastKnownFileType = sourcecode.c.objc; path = AppDelegate.m; sourceTree = "<group>"; };
		A04078572109E12C008037EB /* Info.plist */ = {isa = PBXFileReference; fileEncoding = 4; lastKnownFileType = text.plist.xml; path = Info.plist; sourceTree = "<group>"; };
		A04078582109E12C008037EB /* ViewController.h */ = {isa = PBXFileReference; fileEncoding = 4; lastKnownFileType = sourcecode.c.h; path = ViewController.h; sourceTree = "<group>"; };
		A04078622109E6F1008037EB /* PrimeCell.h */ = {isa = PBXFileReference; lastKnownFileType = sourcecode.c.h; path = PrimeCell.h; sourceTree = "<group>"; };
		A04078632109E6F1008037EB /* PrimeCell.m */ = {isa = PBXFileReference; lastKnownFileType = sourcecode.c.objc; path = PrimeCell.m; sourceTree = "<group>"; };
/* End PBXFileReference section */

/* Begin PBXFrameworksBuildPhase section */
		A040782D2109DF95008037EB /* Frameworks */ = {
			isa = PBXFrameworksBuildPhase;
			buildActionMask = 2147483647;
			files = (
			);
			runOnlyForDeploymentPostprocessing = 0;
		};
/* End PBXFrameworksBuildPhase section */

/* Begin PBXGroup section */
		A04077E02109CED9008037EB /* Sources */ = {
			isa = PBXGroup;
			children = (
				A040784D2109E12C008037EB /* DjinniFuckaroundsApp */,
				A04077F92109D2CB008037EB /* DjinniFuckaroundsCore */,
				A04077E92109CF58008037EB /* Declarations */,
			);
			path = Sources;
			sourceTree = "<group>";
		};
		A04077E12109CEE4008037EB /* Lib */ = {
			isa = PBXGroup;
			children = (
				A04078122109D419008037EB /* djinni_common.hpp */,
				A04078112109D419008037EB /* proxy_cache_impl.hpp */,
				A04078132109D419008037EB /* proxy_cache_interface.hpp */,
				A04078082109D3A3008037EB /* objc */,
				A04077F72109D1C0008037EB /* cpp-gen */,
				A04077F32109D1BF008037EB /* objc-gen */,
			);
			path = Lib;
			sourceTree = "<group>";
		};
		A04077E92109CF58008037EB /* Declarations */ = {
			isa = PBXGroup;
			children = (
				A04077D82109C94E008037EB /* Declarations.idl */,
			);
			path = Declarations;
			sourceTree = "<group>";
		};
		A04077F32109D1BF008037EB /* objc-gen */ = {
			isa = PBXGroup;
			children = (
				A04077F42109D1BF008037EB /* DFDjinniFuckaroundsAbstract+Private.mm */,
				A04077F52109D1BF008037EB /* DFDjinniFuckaroundsAbstract.h */,
				A04077F62109D1BF008037EB /* DFDjinniFuckaroundsAbstract+Private.h */,
			);
			path = "objc-gen";
			sourceTree = "<group>";
		};
		A04077F72109D1C0008037EB /* cpp-gen */ = {
			isa = PBXGroup;
			children = (
				A04077F82109D1C0008037EB /* djinni_fuckarounds_abstract.hpp */,
			);
			path = "cpp-gen";
			sourceTree = "<group>";
		};
		A04077F92109D2CB008037EB /* DjinniFuckaroundsCore */ = {
			isa = PBXGroup;
			children = (
				A04077FA2109D2F9008037EB /* DjinniFuckaroundsCore.hpp */,
				A04078142109D42E008037EB /* DjinniFuckaroundsCore.cpp */,
			);
			path = DjinniFuckaroundsCore;
			sourceTree = "<group>";
		};
		A04078002109D341008037EB /* Products */ = {
			isa = PBXGroup;
			children = (
				A04078302109DF95008037EB /* DjinniFuckaroundsApp.app */,
			);
			name = Products;
			sourceTree = "<group>";
		};
		A04078082109D3A3008037EB /* objc */ = {
			isa = PBXGroup;
			children = (
				A04078092109D3A3008037EB /* DJICppWrapperCache+Private.h */,
				A040780A2109D3A3008037EB /* DJIError.h */,
				A040780B2109D3A3008037EB /* DJIProxyCaches.mm */,
				A040780C2109D3A3008037EB /* DJIObjcWrapperCache+Private.h */,
				A040780D2109D3A3008037EB /* DJIError.mm */,
				A040780E2109D3A3008037EB /* DJIMarshal+Private.h */,
			);
			path = objc;
			sourceTree = "<group>";
		};
		A04078462109E022008037EB /* Frameworks */ = {
			isa = PBXGroup;
			children = (
			);
			name = Frameworks;
			sourceTree = "<group>";
		};
		A040784D2109E12C008037EB /* DjinniFuckaroundsApp */ = {
			isa = PBXGroup;
			children = (
				A04078612109E6DF008037EB /* PrimeCell */,
				A04078602109E16B008037EB /* System */,
				A04078582109E12C008037EB /* ViewController.h */,
				A04078502109E12C008037EB /* ViewController.m */,
				A04078512109E12C008037EB /* LaunchScreen.storyboard */,
				A04078532109E12C008037EB /* Main.storyboard */,
			);
			path = DjinniFuckaroundsApp;
			sourceTree = "<group>";
		};
		A04078602109E16B008037EB /* System */ = {
			isa = PBXGroup;
			children = (
				A040784F2109E12C008037EB /* Assets.xcassets */,
				A040784E2109E12C008037EB /* AppDelegate.h */,
				A04078552109E12C008037EB /* main.m */,
				A04078562109E12C008037EB /* AppDelegate.m */,
				A04078572109E12C008037EB /* Info.plist */,
			);
			path = System;
			sourceTree = "<group>";
		};
		A04078612109E6DF008037EB /* PrimeCell */ = {
			isa = PBXGroup;
			children = (
				A04078622109E6F1008037EB /* PrimeCell.h */,
				A04078632109E6F1008037EB /* PrimeCell.m */,
			);
			path = PrimeCell;
			sourceTree = "<group>";
		};
		A04D44892109C8DC00CDDA74 = {
			isa = PBXGroup;
			children = (
				A04077E12109CEE4008037EB /* Lib */,
				A04077E02109CED9008037EB /* Sources */,
				A04077D92109CA67008037EB /* Makefile */,
				A04078002109D341008037EB /* Products */,
				A04078462109E022008037EB /* Frameworks */,
			);
			sourceTree = "<group>";
		};
/* End PBXGroup section */

/* Begin PBXNativeTarget section */
		A040782F2109DF95008037EB /* DjinniFuckaroundsApp */ = {
			isa = PBXNativeTarget;
			buildConfigurationList = A04078432109DF97008037EB /* Build configuration list for PBXNativeTarget "DjinniFuckaroundsApp" */;
			buildPhases = (
				A040782C2109DF95008037EB /* Sources */,
				A040782D2109DF95008037EB /* Frameworks */,
				A040782E2109DF95008037EB /* Resources */,
			);
			buildRules = (
			);
			dependencies = (
			);
			name = DjinniFuckaroundsApp;
			productName = DjinniFuckaroundsApp;
			productReference = A04078302109DF95008037EB /* DjinniFuckaroundsApp.app */;
			productType = "com.apple.product-type.application";
		};
/* End PBXNativeTarget section */

/* Begin PBXProject section */
		A04D448A2109C8DC00CDDA74 /* Project object */ = {
			isa = PBXProject;
			attributes = {
				LastSwiftUpdateCheck = 0940;
				LastUpgradeCheck = 0940;
				TargetAttributes = {
					A040782F2109DF95008037EB = {
						CreatedOnToolsVersion = 9.4.1;
					};
				};
			};
			buildConfigurationList = A04D448D2109C8DC00CDDA74 /* Build configuration list for PBXProject "DjinniFuckarounds" */;
			compatibilityVersion = "Xcode 9.3";
			developmentRegion = en;
			hasScannedForEncodings = 0;
			knownRegions = (
				en,
				Base,
			);
			mainGroup = A04D44892109C8DC00CDDA74;
			productRefGroup = A04078002109D341008037EB /* Products */;
			projectDirPath = "";
			projectRoot = "";
			targets = (
				A040782F2109DF95008037EB /* DjinniFuckaroundsApp */,
			);
		};
/* End PBXProject section */

/* Begin PBXResourcesBuildPhase section */
		A040782E2109DF95008037EB /* Resources */ = {
			isa = PBXResourcesBuildPhase;
			buildActionMask = 2147483647;
			files = (
				A040785C2109E12C008037EB /* Main.storyboard in Resources */,
				A04078592109E12C008037EB /* Assets.xcassets in Resources */,
				A040785B2109E12C008037EB /* LaunchScreen.storyboard in Resources */,
			);
			runOnlyForDeploymentPostprocessing = 0;
		};
/* End PBXResourcesBuildPhase section */

/* Begin PBXSourcesBuildPhase section */
		A040782C2109DF95008037EB /* Sources */ = {
			isa = PBXSourcesBuildPhase;
			buildActionMask = 2147483647;
			files = (
				A0B844162109F423008D98D8 /* DFDjinniFuckaroundsAbstract+Private.mm in Sources */,
				A0B844142109F423008D98D8 /* DJIProxyCaches.mm in Sources */,
				A040785D2109E12C008037EB /* main.m in Sources */,
				A0B844152109F423008D98D8 /* DJIError.mm in Sources */,
				A0B844172109F423008D98D8 /* DjinniFuckaroundsCore.cpp in Sources */,
				A040785A2109E12C008037EB /* ViewController.m in Sources */,
				A040785E2109E12C008037EB /* AppDelegate.m in Sources */,
				A04078642109E6F1008037EB /* PrimeCell.m in Sources */,
			);
			runOnlyForDeploymentPostprocessing = 0;
		};
/* End PBXSourcesBuildPhase section */

/* Begin PBXVariantGroup section */
		A04078512109E12C008037EB /* LaunchScreen.storyboard */ = {
			isa = PBXVariantGroup;
			children = (
				A04078522109E12C008037EB /* Base */,
			);
			name = LaunchScreen.storyboard;
			sourceTree = "<group>";
		};
		A04078532109E12C008037EB /* Main.storyboard */ = {
			isa = PBXVariantGroup;
			children = (
				A04078542109E12C008037EB /* Base */,
			);
			name = Main.storyboard;
			sourceTree = "<group>";
		};
/* End PBXVariantGroup section */

/* Begin XCBuildConfiguration section */
		A04078442109DF97008037EB /* Debug */ = {
			isa = XCBuildConfiguration;
			buildSettings = {
				ALWAYS_SEARCH_USER_PATHS = NO;
				ASSETCATALOG_COMPILER_APPICON_NAME = AppIcon;
				CLANG_ANALYZER_NONNULL = YES;
				CLANG_ANALYZER_NUMBER_OBJECT_CONVERSION = YES_AGGRESSIVE;
				CLANG_CXX_LANGUAGE_STANDARD = "gnu++14";
				CLANG_CXX_LIBRARY = "libc++";
				CLANG_ENABLE_MODULES = YES;
				CLANG_ENABLE_OBJC_ARC = YES;
				CLANG_ENABLE_OBJC_WEAK = YES;
				CLANG_WARN_BLOCK_CAPTURE_AUTORELEASING = YES;
				CLANG_WARN_BOOL_CONVERSION = YES;
				CLANG_WARN_COMMA = YES;
				CLANG_WARN_CONSTANT_CONVERSION = YES;
				CLANG_WARN_DEPRECATED_OBJC_IMPLEMENTATIONS = YES;
				CLANG_WARN_DIRECT_OBJC_ISA_USAGE = YES_ERROR;
				CLANG_WARN_DOCUMENTATION_COMMENTS = YES;
				CLANG_WARN_EMPTY_BODY = YES;
				CLANG_WARN_ENUM_CONVERSION = YES;
				CLANG_WARN_INFINITE_RECURSION = YES;
				CLANG_WARN_INT_CONVERSION = YES;
				CLANG_WARN_NON_LITERAL_NULL_CONVERSION = YES;
				CLANG_WARN_OBJC_IMPLICIT_RETAIN_SELF = YES;
				CLANG_WARN_OBJC_LITERAL_CONVERSION = YES;
				CLANG_WARN_OBJC_ROOT_CLASS = YES_ERROR;
				CLANG_WARN_RANGE_LOOP_ANALYSIS = YES;
				CLANG_WARN_STRICT_PROTOTYPES = YES;
				CLANG_WARN_SUSPICIOUS_MOVE = YES;
				CLANG_WARN_UNGUARDED_AVAILABILITY = YES_AGGRESSIVE;
				CLANG_WARN_UNREACHABLE_CODE = YES;
				CLANG_WARN__DUPLICATE_METHOD_MATCH = YES;
				CODE_SIGN_IDENTITY = "iPhone Developer";
				CODE_SIGN_STYLE = Automatic;
				COPY_PHASE_STRIP = NO;
				DEBUG_INFORMATION_FORMAT = dwarf;
				DEVELOPMENT_TEAM = DWFAAUM3T7;
				ENABLE_STRICT_OBJC_MSGSEND = YES;
				ENABLE_TESTABILITY = YES;
				GCC_C_LANGUAGE_STANDARD = gnu11;
				GCC_DYNAMIC_NO_PIC = NO;
				GCC_NO_COMMON_BLOCKS = YES;
				GCC_OPTIMIZATION_LEVEL = 0;
				GCC_PREPROCESSOR_DEFINITIONS = (
					"DEBUG=1",
					"$(inherited)",
				);
				GCC_WARN_64_TO_32_BIT_CONVERSION = YES;
				GCC_WARN_ABOUT_RETURN_TYPE = YES_ERROR;
				GCC_WARN_UNDECLARED_SELECTOR = YES;
				GCC_WARN_UNINITIALIZED_AUTOS = YES_AGGRESSIVE;
				GCC_WARN_UNUSED_FUNCTION = YES;
				GCC_WARN_UNUSED_VARIABLE = YES;
				INFOPLIST_FILE = "$(SRCROOT)/Sources/DjinniFuckaroundsApp/System/Info.plist";
				IPHONEOS_DEPLOYMENT_TARGET = 9.0;
				LD_RUNPATH_SEARCH_PATHS = (
					"$(inherited)",
					"@executable_path/Frameworks",
				);
				MTL_ENABLE_DEBUG_INFO = YES;
				ONLY_ACTIVE_ARCH = YES;
				PRODUCT_BUNDLE_IDENTIFIER = "com.github.isaac-weisberg.DjinniFuckaroundsApp";
				PRODUCT_NAME = "$(TARGET_NAME)";
				SDKROOT = iphoneos;
				TARGETED_DEVICE_FAMILY = "1,2";
			};
			name = Debug;
		};
		A04078452109DF97008037EB /* Release */ = {
			isa = XCBuildConfiguration;
			buildSettings = {
				ALWAYS_SEARCH_USER_PATHS = NO;
				ASSETCATALOG_COMPILER_APPICON_NAME = AppIcon;
				CLANG_ANALYZER_NONNULL = YES;
				CLANG_ANALYZER_NUMBER_OBJECT_CONVERSION = YES_AGGRESSIVE;
				CLANG_CXX_LANGUAGE_STANDARD = "gnu++14";
				CLANG_CXX_LIBRARY = "libc++";
				CLANG_ENABLE_MODULES = YES;
				CLANG_ENABLE_OBJC_ARC = YES;
				CLANG_ENABLE_OBJC_WEAK = YES;
				CLANG_WARN_BLOCK_CAPTURE_AUTORELEASING = YES;
				CLANG_WARN_BOOL_CONVERSION = YES;
				CLANG_WARN_COMMA = YES;
				CLANG_WARN_CONSTANT_CONVERSION = YES;
				CLANG_WARN_DEPRECATED_OBJC_IMPLEMENTATIONS = YES;
				CLANG_WARN_DIRECT_OBJC_ISA_USAGE = YES_ERROR;
				CLANG_WARN_DOCUMENTATION_COMMENTS = YES;
				CLANG_WARN_EMPTY_BODY = YES;
				CLANG_WARN_ENUM_CONVERSION = YES;
				CLANG_WARN_INFINITE_RECURSION = YES;
				CLANG_WARN_INT_CONVERSION = YES;
				CLANG_WARN_NON_LITERAL_NULL_CONVERSION = YES;
				CLANG_WARN_OBJC_IMPLICIT_RETAIN_SELF = YES;
				CLANG_WARN_OBJC_LITERAL_CONVERSION = YES;
				CLANG_WARN_OBJC_ROOT_CLASS = YES_ERROR;
				CLANG_WARN_RANGE_LOOP_ANALYSIS = YES;
				CLANG_WARN_STRICT_PROTOTYPES = YES;
				CLANG_WARN_SUSPICIOUS_MOVE = YES;
				CLANG_WARN_UNGUARDED_AVAILABILITY = YES_AGGRESSIVE;
				CLANG_WARN_UNREACHABLE_CODE = YES;
				CLANG_WARN__DUPLICATE_METHOD_MATCH = YES;
				CODE_SIGN_IDENTITY = "iPhone Developer";
				CODE_SIGN_STYLE = Automatic;
				COPY_PHASE_STRIP = NO;
				DEBUG_INFORMATION_FORMAT = "dwarf-with-dsym";
				DEVELOPMENT_TEAM = DWFAAUM3T7;
				ENABLE_NS_ASSERTIONS = NO;
				ENABLE_STRICT_OBJC_MSGSEND = YES;
				GCC_C_LANGUAGE_STANDARD = gnu11;
				GCC_NO_COMMON_BLOCKS = YES;
				GCC_WARN_64_TO_32_BIT_CONVERSION = YES;
				GCC_WARN_ABOUT_RETURN_TYPE = YES_ERROR;
				GCC_WARN_UNDECLARED_SELECTOR = YES;
				GCC_WARN_UNINITIALIZED_AUTOS = YES_AGGRESSIVE;
				GCC_WARN_UNUSED_FUNCTION = YES;
				GCC_WARN_UNUSED_VARIABLE = YES;
				INFOPLIST_FILE = "$(SRCROOT)/Sources/DjinniFuckaroundsApp/System/Info.plist";
				IPHONEOS_DEPLOYMENT_TARGET = 9.0;
				LD_RUNPATH_SEARCH_PATHS = (
					"$(inherited)",
					"@executable_path/Frameworks",
				);
				MTL_ENABLE_DEBUG_INFO = NO;
				PRODUCT_BUNDLE_IDENTIFIER = "com.github.isaac-weisberg.DjinniFuckaroundsApp";
				PRODUCT_NAME = "$(TARGET_NAME)";
				SDKROOT = iphoneos;
				TARGETED_DEVICE_FAMILY = "1,2";
				VALIDATE_PRODUCT = YES;
			};
			name = Release;
		};
		A04D448E2109C8DC00CDDA74 /* Debug */ = {
			isa = XCBuildConfiguration;
			buildSettings = {
			};
			name = Debug;
		};
		A04D448F2109C8DC00CDDA74 /* Release */ = {
			isa = XCBuildConfiguration;
			buildSettings = {
			};
			name = Release;
		};
/* End XCBuildConfiguration section */

/* Begin XCConfigurationList section */
		A04078432109DF97008037EB /* Build configuration list for PBXNativeTarget "DjinniFuckaroundsApp" */ = {
			isa = XCConfigurationList;
			buildConfigurations = (
				A04078442109DF97008037EB /* Debug */,
				A04078452109DF97008037EB /* Release */,
			);
			defaultConfigurationIsVisible = 0;
			defaultConfigurationName = Release;
		};
		A04D448D2109C8DC00CDDA74 /* Build configuration list for PBXProject "DjinniFuckarounds" */ = {
			isa = XCConfigurationList;
			buildConfigurations = (
				A04D448E2109C8DC00CDDA74 /* Debug */,
				A04D448F2109C8DC00CDDA74 /* Release */,
			);
			defaultConfigurationIsVisible = 0;
			defaultConfigurationName = Release;
		};
/* End XCConfigurationList section */
	};
	rootObject = A04D448A2109C8DC00CDDA74 /* Project object */;
}
